Microsoft Visual Studio Solution File, Format Version 12.00
# Visual Studio Version 17
VisualStudioVersion = 17.5.2.0
MinimumVisualStudioVersion = 10.0.40219.1
Project("{FAE04EC0-301F-11D3-BF4B-00C04F79EFBC}") = "AutoUpdateDemo", "AutoUpdateDemo.csproj", "{16D99337-0BAC-C009-2C84-AF17490D997E}"
EndProject
Global
	GlobalSection(SolutionConfigurationPlatforms) = preSolution
		Debug|Any CPU = Debug|Any CPU
		Release|Any CPU = Release|Any CPU
	EndGlobalSection
	GlobalSection(ProjectConfigurationPlatforms) = postSolution
		{16D99337-0BAC-C009-2C84-AF17490D997E}.Debug|Any CPU.ActiveCfg = Debug|Any CPU
		{16D99337-0BAC-C009-2C84-AF17490D997E}.Debug|Any CPU.Build.0 = Debug|Any CPU
		{16D99337-0BAC-C009-2C84-AF17490D997E}.Release|Any CPU.ActiveCfg = Release|Any CPU
		{16D99337-0BAC-C009-2C84-AF17490D997E}.Release|Any CPU.Build.0 = Release|Any CPU
	EndGlobalSection
	GlobalSection(SolutionProperties) = preSolution
		HideSolutionNode = FALSE
	EndGlobalSection
	GlobalSection(ExtensibilityGlobals) = postSolution
		SolutionGuid = {AD9D327A-AA7A-4105-84CB-E42A2952450B}
	EndGlobalSection
EndGlobal
